
Microsoft Visual Studio Solution File, Format Version 12.00
# Visual Studio Version 17
VisualStudioVersion = 17.5.002.0
MinimumVisualStudioVersion = 10.0.40219.1
Project("{2150E333-8FDC-42A3-9474-1A3956D46DE8}") = "src", "src", "{93157C72-126F-4A8E-9ED3-1393F0F7F59E}"
EndProject
Project("{9A19103F-16F7-4668-BE54-9A1E7A4F7556}") = "SharpCLIParser", "src\SharpCLIParser\SharpCLIParser.csproj", "{BA44A4B8-4457-47DA-A1A7-E111E308F7D0}"
EndProject
Global
	GlobalSection(SolutionConfigurationPlatforms) = preSolution
		Debug|Any CPU = Debug|Any CPU
		Release|Any CPU = Release|Any CPU
	EndGlobalSection
	GlobalSection(ProjectConfigurationPlatforms) = postSolution
		{BA44A4B8-4457-47DA-A1A7-E111E308F7D0}.Debug|Any CPU.ActiveCfg = Debug|Any CPU
		{BA44A4B8-4457-47DA-A1A7-E111E308F7D0}.Debug|Any CPU.Build.0 = Debug|Any CPU
		{BA44A4B8-4457-47DA-A1A7-E111E308F7D0}.Release|Any CPU.ActiveCfg = Release|Any CPU
		{BA44A4B8-4457-47DA-A1A7-E111E308F7D0}.Release|Any CPU.Build.0 = Release|Any CPU
	EndGlobalSection
	GlobalSection(SolutionProperties) = preSolution
		HideSolutionNode = FALSE
	EndGlobalSection
	GlobalSection(NestedProjects) = preSolution
		{BA44A4B8-4457-47DA-A1A7-E111E308F7D0} = {93157C72-126F-4A8E-9ED3-1393F0F7F59E}
	EndGlobalSection
	GlobalSection(ExtensibilityGlobals) = postSolution
		SolutionGuid = {8BCC043A-2341-44D3-880B-413326B092F0}
	EndGlobalSection
EndGlobal
